// !$*UTF8*$!
{
	archiveVersion = 1;
	classes = {
	};
	objectVersion = 56;
	objects = {

/* Begin PBXBuildFile section */
		736F9D6129C075E300E5CED9 /* HapticsExperimentsApp.swift in Sources */ = {isa = PBXBuildFile; fileRef = 736F9D6029C075E300E5CED9 /* HapticsExperimentsApp.swift */; };
		736F9D6329C075E300E5CED9 /* Experiment1View.swift in Sources */ = {isa = PBXBuildFile; fileRef = 736F9D6229C075E300E5CED9 /* Experiment1View.swift */; };
		736F9D6529C075E400E5CED9 /* Assets.xcassets in Resources */ = {isa = PBXBuildFile; fileRef = 736F9D6429C075E400E5CED9 /* Assets.xcassets */; };
		736F9D6929C075E400E5CED9 /* Preview Assets.xcassets in Resources */ = {isa = PBXBuildFile; fileRef = 736F9D6829C075E400E5CED9 /* Preview Assets.xcassets */; };
		736F9D7129C076B100E5CED9 /* Experiment1HapticsManager.swift in Sources */ = {isa = PBXBuildFile; fileRef = 736F9D7029C076B100E5CED9 /* Experiment1HapticsManager.swift */; };
		736F9D7429C07C0C00E5CED9 /* Experiment2View.swift in Sources */ = {isa = PBXBuildFile; fileRef = 736F9D7329C07C0C00E5CED9 /* Experiment2View.swift */; };
		736F9D7629C07C2300E5CED9 /* Experiment2Button.swift in Sources */ = {isa = PBXBuildFile; fileRef = 736F9D7529C07C2300E5CED9 /* Experiment2Button.swift */; };
/* End PBXBuildFile section */

/* Begin PBXFileReference section */
		736F9D5D29C075E300E5CED9 /* HapticsExperiments.app */ = {isa = PBXFileReference; explicitFileType = wrapper.application; includeInIndex = 0; path = HapticsExperiments.app; sourceTree = BUILT_PRODUCTS_DIR; };
		736F9D6029C075E300E5CED9 /* HapticsExperimentsApp.swift */ = {isa = PBXFileReference; lastKnownFileType = sourcecode.swift; path = HapticsExperimentsApp.swift; sourceTree = "<group>"; };
		736F9D6229C075E300E5CED9 /* Experiment1View.swift */ = {isa = PBXFileReference; lastKnownFileType = sourcecode.swift; path = Experiment1View.swift; sourceTree = "<group>"; };
		736F9D6429C075E400E5CED9 /* Assets.xcassets */ = {isa = PBXFileReference; lastKnownFileType = folder.assetcatalog; path = Assets.xcassets; sourceTree = "<group>"; };
		736F9D6629C075E400E5CED9 /* HapticsExperiments.entitlements */ = {isa = PBXFileReference; lastKnownFileType = text.plist.entitlements; path = HapticsExperiments.entitlements; sourceTree = "<group>"; };
		736F9D6829C075E400E5CED9 /* Preview Assets.xcassets */ = {isa = PBXFileReference; lastKnownFileType = folder.assetcatalog; path = "Preview Assets.xcassets"; sourceTree = "<group>"; };
		736F9D7029C076B100E5CED9 /* Experiment1HapticsManager.swift */ = {isa = PBXFileReference; lastKnownFileType = sourcecode.swift; path = Experiment1HapticsManager.swift; sourceTree = "<group>"; };
		736F9D7329C07C0C00E5CED9 /* Experiment2View.swift */ = {isa = PBXFileReference; lastKnownFileType = sourcecode.swift; path = Experiment2View.swift; sourceTree = "<group>"; };
		736F9D7529C07C2300E5CED9 /* Experiment2Button.swift */ = {isa = PBXFileReference; lastKnownFileType = sourcecode.swift; path = Experiment2Button.swift; sourceTree = "<group>"; };
/* End PBXFileReference section */

/* Begin PBXFrameworksBuildPhase section */
		736F9D5A29C075E300E5CED9 /* Frameworks */ = {
			isa = PBXFrameworksBuildPhase;
			buildActionMask = 2147483647;
			files = (
			);
			runOnlyForDeploymentPostprocessing = 0;
		};
/* End PBXFrameworksBuildPhase section */

/* Begin PBXGroup section */
		736F9D5429C075E300E5CED9 = {
			isa = PBXGroup;
			children = (
				736F9D5F29C075E300E5CED9 /* HapticsExperiments */,
				736F9D5E29C075E300E5CED9 /* Products */,
			);
			sourceTree = "<group>";
		};
		736F9D5E29C075E300E5CED9 /* Products */ = {
			isa = PBXGroup;
			children = (
				736F9D5D29C075E300E5CED9 /* HapticsExperiments.app */,
			);
			name = Products;
			sourceTree = "<group>";
		};
		736F9D5F29C075E300E5CED9 /* HapticsExperiments */ = {
			isa = PBXGroup;
			children = (
				736F9D6429C075E400E5CED9 /* Assets.xcassets */,
				736F9D6F29C0767E00E5CED9 /* Experiment1 */,
				736F9D7229C07BEE00E5CED9 /* Experiment2 */,
				736F9D6629C075E400E5CED9 /* HapticsExperiments.entitlements */,
				736F9D6029C075E300E5CED9 /* HapticsExperimentsApp.swift */,
				736F9D6729C075E400E5CED9 /* Preview Content */,
			);
			path = HapticsExperiments;
			sourceTree = "<group>";
		};
		736F9D6729C075E400E5CED9 /* Preview Content */ = {
			isa = PBXGroup;
			children = (
				736F9D6829C075E400E5CED9 /* Preview Assets.xcassets */,
			);
			path = "Preview Content";
			sourceTree = "<group>";
		};
		736F9D6F29C0767E00E5CED9 /* Experiment1 */ = {
			isa = PBXGroup;
			children = (
				736F9D6229C075E300E5CED9 /* Experiment1View.swift */,
				736F9D7029C076B100E5CED9 /* Experiment1HapticsManager.swift */,
			);
			path = Experiment1;
			sourceTree = "<group>";
		};
		736F9D7229C07BEE00E5CED9 /* Experiment2 */ = {
			isa = PBXGroup;
			children = (
				736F9D7329C07C0C00E5CED9 /* Experiment2View.swift */,
				736F9D7529C07C2300E5CED9 /* Experiment2Button.swift */,
			);
			path = Experiment2;
			sourceTree = "<group>";
		};
/* End PBXGroup section */

/* Begin PBXNativeTarget section */
		736F9D5C29C075E300E5CED9 /* HapticsExperiments */ = {
			isa = PBXNativeTarget;
			buildConfigurationList = 736F9D6C29C075E400E5CED9 /* Build configuration list for PBXNativeTarget "HapticsExperiments" */;
			buildPhases = (
				736F9D5929C075E300E5CED9 /* Sources */,
				736F9D5A29C075E300E5CED9 /* Frameworks */,
				736F9D5B29C075E300E5CED9 /* Resources */,
			);
			buildRules = (
			);
			dependencies = (
			);
			name = HapticsExperiments;
			productName = HapticsExperiments;
			productReference = 736F9D5D29C075E300E5CED9 /* HapticsExperiments.app */;
			productType = "com.apple.product-type.application";
		};
/* End PBXNativeTarget section */

/* Begin PBXProject section */
		736F9D5529C075E300E5CED9 /* Project object */ = {
			isa = PBXProject;
			attributes = {
				BuildIndependentTargetsInParallel = 1;
				LastSwiftUpdateCheck = 1420;
				LastUpgradeCheck = 1420;
				TargetAttributes = {
					736F9D5C29C075E300E5CED9 = {
						CreatedOnToolsVersion = 14.2;
					};
				};
			};
			buildConfigurationList = 736F9D5829C075E300E5CED9 /* Build configuration list for PBXProject "HapticsExperiments" */;
			compatibilityVersion = "Xcode 14.0";
			developmentRegion = en;
			hasScannedForEncodings = 0;
			knownRegions = (
				en,
				Base,
			);
			mainGroup = 736F9D5429C075E300E5CED9;
			productRefGroup = 736F9D5E29C075E300E5CED9 /* Products */;
			projectDirPath = "";
			projectRoot = "";
			targets = (
				736F9D5C29C075E300E5CED9 /* HapticsExperiments */,
			);
		};
/* End PBXProject section */

/* Begin PBXResourcesBuildPhase section */
		736F9D5B29C075E300E5CED9 /* Resources */ = {
			isa = PBXResourcesBuildPhase;
			buildActionMask = 2147483647;
			files = (
				736F9D6929C075E400E5CED9 /* Preview Assets.xcassets in Resources */,
				736F9D6529C075E400E5CED9 /* Assets.xcassets in Resources */,
			);
			runOnlyForDeploymentPostprocessing = 0;
		};
/* End PBXResourcesBuildPhase section */

/* Begin PBXSourcesBuildPhase section */
		736F9D5929C075E300E5CED9 /* Sources */ = {
			isa = PBXSourcesBuildPhase;
			buildActionMask = 2147483647;
			files = (
				736F9D7129C076B100E5CED9 /* Experiment1HapticsManager.swift in Sources */,
				736F9D6329C075E300E5CED9 /* Experiment1View.swift in Sources */,
				736F9D7629C07C2300E5CED9 /* Experiment2Button.swift in Sources */,
				736F9D7429C07C0C00E5CED9 /* Experiment2View.swift in Sources */,
				736F9D6129C075E300E5CED9 /* HapticsExperimentsApp.swift in Sources */,
			);
			runOnlyForDeploymentPostprocessing = 0;
		};
/* End PBXSourcesBuildPhase section */

/* Begin XCBuildConfiguration section */
		736F9D6A29C075E400E5CED9 /* Debug */ = {
			isa = XCBuildConfiguration;
			buildSettings = {
				ALWAYS_SEARCH_USER_PATHS = NO;
				CLANG_ANALYZER_NONNULL = YES;
				CLANG_ANALYZER_NUMBER_OBJECT_CONVERSION = YES_AGGRESSIVE;
				CLANG_CXX_LANGUAGE_STANDARD = "gnu++20";
				CLANG_ENABLE_MODULES = YES;
				CLANG_ENABLE_OBJC_ARC = YES;
				CLANG_ENABLE_OBJC_WEAK = YES;
				CLANG_WARN_BLOCK_CAPTURE_AUTORELEASING = YES;
				CLANG_WARN_BOOL_CONVERSION = YES;
				CLANG_WARN_COMMA = YES;
				CLANG_WARN_CONSTANT_CONVERSION = YES;
				CLANG_WARN_DEPRECATED_OBJC_IMPLEMENTATIONS = YES;
				CLANG_WARN_DIRECT_OBJC_ISA_USAGE = YES_ERROR;
				CLANG_WARN_DOCUMENTATION_COMMENTS = YES;
				CLANG_WARN_EMPTY_BODY = YES;
				CLANG_WARN_ENUM_CONVERSION = YES;
				CLANG_WARN_INFINITE_RECURSION = YES;
				CLANG_WARN_INT_CONVERSION = YES;
				CLANG_WARN_NON_LITERAL_NULL_CONVERSION = YES;
				CLANG_WARN_OBJC_IMPLICIT_RETAIN_SELF = YES;
				CLANG_WARN_OBJC_LITERAL_CONVERSION = YES;
				CLANG_WARN_OBJC_ROOT_CLASS = YES_ERROR;
				CLANG_WARN_QUOTED_INCLUDE_IN_FRAMEWORK_HEADER = YES;
				CLANG_WARN_RANGE_LOOP_ANALYSIS = YES;
				CLANG_WARN_STRICT_PROTOTYPES = YES;
				CLANG_WARN_SUSPICIOUS_MOVE = YES;
				CLANG_WARN_UNGUARDED_AVAILABILITY = YES_AGGRESSIVE;
				CLANG_WARN_UNREACHABLE_CODE = YES;
				CLANG_WARN__DUPLICATE_METHOD_MATCH = YES;
				COPY_PHASE_STRIP = NO;
				DEBUG_INFORMATION_FORMAT = dwarf;
				ENABLE_STRICT_OBJC_MSGSEND = YES;
				ENABLE_TESTABILITY = YES;
				GCC_C_LANGUAGE_STANDARD = gnu11;
				GCC_DYNAMIC_NO_PIC = NO;
				GCC_NO_COMMON_BLOCKS = YES;
				GCC_OPTIMIZATION_LEVEL = 0;
				GCC_PREPROCESSOR_DEFINITIONS = (
					"DEBUG=1",
					"$(inherited)",
				);
				GCC_WARN_64_TO_32_BIT_CONVERSION = YES;
				GCC_WARN_ABOUT_RETURN_TYPE = YES_ERROR;
				GCC_WARN_UNDECLARED_SELECTOR = YES;
				GCC_WARN_UNINITIALIZED_AUTOS = YES_AGGRESSIVE;
				GCC_WARN_UNUSED_FUNCTION = YES;
				GCC_WARN_UNUSED_VARIABLE = YES;
				MTL_ENABLE_DEBUG_INFO = INCLUDE_SOURCE;
				MTL_FAST_MATH = YES;
				ONLY_ACTIVE_ARCH = YES;
				SWIFT_ACTIVE_COMPILATION_CONDITIONS = DEBUG;
				SWIFT_OPTIMIZATION_LEVEL = "-Onone";
			};
			name = Debug;
		};
		736F9D6B29C075E400E5CED9 /* Release */ = {
			isa = XCBuildConfiguration;
			buildSettings = {
				ALWAYS_SEARCH_USER_PATHS = NO;
				CLANG_ANALYZER_NONNULL = YES;
				CLANG_ANALYZER_NUMBER_OBJECT_CONVERSION = YES_AGGRESSIVE;
				CLANG_CXX_LANGUAGE_STANDARD = "gnu++20";
				CLANG_ENABLE_MODULES = YES;
				CLANG_ENABLE_OBJC_ARC = YES;
				CLANG_ENABLE_OBJC_WEAK = YES;
				CLANG_WARN_BLOCK_CAPTURE_AUTORELEASING = YES;
				CLANG_WARN_BOOL_CONVERSION = YES;
				CLANG_WARN_COMMA = YES;
				CLANG_WARN_CONSTANT_CONVERSION = YES;
				CLANG_WARN_DEPRECATED_OBJC_IMPLEMENTATIONS = YES;
				CLANG_WARN_DIRECT_OBJC_ISA_USAGE = YES_ERROR;
				CLANG_WARN_DOCUMENTATION_COMMENTS = YES;
				CLANG_WARN_EMPTY_BODY = YES;
				CLANG_WARN_ENUM_CONVERSION = YES;
				CLANG_WARN_INFINITE_RECURSION = YES;
				CLANG_WARN_INT_CONVERSION = YES;
				CLANG_WARN_NON_LITERAL_NULL_CONVERSION = YES;
				CLANG_WARN_OBJC_IMPLICIT_RETAIN_SELF = YES;
				CLANG_WARN_OBJC_LITERAL_CONVERSION = YES;
				CLANG_WARN_OBJC_ROOT_CLASS = YES_ERROR;
				CLANG_WARN_QUOTED_INCLUDE_IN_FRAMEWORK_HEADER = YES;
				CLANG_WARN_RANGE_LOOP_ANALYSIS = YES;
				CLANG_WARN_STRICT_PROTOTYPES = YES;
				CLANG_WARN_SUSPICIOUS_MOVE = YES;
				CLANG_WARN_UNGUARDED_AVAILABILITY = YES_AGGRESSIVE;
				CLANG_WARN_UNREACHABLE_CODE = YES;
				CLANG_WARN__DUPLICATE_METHOD_MATCH = YES;
				COPY_PHASE_STRIP = NO;
				DEBUG_INFORMATION_FORMAT = "dwarf-with-dsym";
				ENABLE_NS_ASSERTIONS = NO;
				ENABLE_STRICT_OBJC_MSGSEND = YES;
				GCC_C_LANGUAGE_STANDARD = gnu11;
				GCC_NO_COMMON_BLOCKS = YES;
				GCC_WARN_64_TO_32_BIT_CONVERSION = YES;
				GCC_WARN_ABOUT_RETURN_TYPE = YES_ERROR;
				GCC_WARN_UNDECLARED_SELECTOR = YES;
				GCC_WARN_UNINITIALIZED_AUTOS = YES_AGGRESSIVE;
				GCC_WARN_UNUSED_FUNCTION = YES;
				GCC_WARN_UNUSED_VARIABLE = YES;
				MTL_ENABLE_DEBUG_INFO = NO;
				MTL_FAST_MATH = YES;
				SWIFT_COMPILATION_MODE = wholemodule;
				SWIFT_OPTIMIZATION_LEVEL = "-O";
			};
			name = Release;
		};
		736F9D6D29C075E400E5CED9 /* Debug */ = {
			isa = XCBuildConfiguration;
			buildSettings = {
				ASSETCATALOG_COMPILER_APPICON_NAME = AppIcon;
				ASSETCATALOG_COMPILER_GLOBAL_ACCENT_COLOR_NAME = AccentColor;
				CODE_SIGN_ENTITLEMENTS = HapticsExperiments/HapticsExperiments.entitlements;
				CODE_SIGN_STYLE = Automatic;
				CURRENT_PROJECT_VERSION = 1;
				DEVELOPMENT_ASSET_PATHS = "\"HapticsExperiments/Preview Content\"";
				DEVELOPMENT_TEAM = 68Y6PK33C5;
				ENABLE_HARDENED_RUNTIME = YES;
				ENABLE_PREVIEWS = YES;
				GENERATE_INFOPLIST_FILE = YES;
				"INFOPLIST_KEY_UIApplicationSceneManifest_Generation[sdk=iphoneos*]" = YES;
				"INFOPLIST_KEY_UIApplicationSceneManifest_Generation[sdk=iphonesimulator*]" = YES;
				"INFOPLIST_KEY_UIApplicationSupportsIndirectInputEvents[sdk=iphoneos*]" = YES;
				"INFOPLIST_KEY_UIApplicationSupportsIndirectInputEvents[sdk=iphonesimulator*]" = YES;
				"INFOPLIST_KEY_UILaunchScreen_Generation[sdk=iphoneos*]" = YES;
				"INFOPLIST_KEY_UILaunchScreen_Generation[sdk=iphonesimulator*]" = YES;
				"INFOPLIST_KEY_UIStatusBarStyle[sdk=iphoneos*]" = UIStatusBarStyleDefault;
				"INFOPLIST_KEY_UIStatusBarStyle[sdk=iphonesimulator*]" = UIStatusBarStyleDefault;
				INFOPLIST_KEY_UISupportedInterfaceOrientations_iPad = "UIInterfaceOrientationPortrait UIInterfaceOrientationPortraitUpsideDown UIInterfaceOrientationLandscapeLeft UIInterfaceOrientationLandscapeRight";
				INFOPLIST_KEY_UISupportedInterfaceOrientations_iPhone = "UIInterfaceOrientationPortrait UIInterfaceOrientationLandscapeLeft UIInterfaceOrientationLandscapeRight";
				IPHONEOS_DEPLOYMENT_TARGET = 15.0;
				LD_RUNPATH_SEARCH_PATHS = "@executable_path/Frameworks";
				"LD_RUNPATH_SEARCH_PATHS[sdk=macosx*]" = "@executable_path/../Frameworks";
				MACOSX_DEPLOYMENT_TARGET = 13.1;
				MARKETING_VERSION = 1.0;
				PRODUCT_BUNDLE_IDENTIFIER = MK.HapticsExperiments;
				PRODUCT_NAME = "$(TARGET_NAME)";
				SDKROOT = auto;
				SUPPORTED_PLATFORMS = "iphoneos iphonesimulator macosx";
				SWIFT_EMIT_LOC_STRINGS = YES;
				SWIFT_VERSION = 5.0;
				TARGETED_DEVICE_FAMILY = "1,2";
			};
			name = Debug;
		};
		736F9D6E29C075E400E5CED9 /* Release */ = {
			isa = XCBuildConfiguration;
			buildSettings = {
				ASSETCATALOG_COMPILER_APPICON_NAME = AppIcon;
				ASSETCATALOG_COMPILER_GLOBAL_ACCENT_COLOR_NAME = AccentColor;
				CODE_SIGN_ENTITLEMENTS = HapticsExperiments/HapticsExperiments.entitlements;
				CODE_SIGN_STYLE = Automatic;
				CURRENT_PROJECT_VERSION = 1;
				DEVELOPMENT_ASSET_PATHS = "\"HapticsExperiments/Preview Content\"";
				DEVELOPMENT_TEAM = 68Y6PK33C5;
				ENABLE_HARDENED_RUNTIME = YES;
				ENABLE_PREVIEWS = YES;
				GENERATE_INFOPLIST_FILE = YES;
				"INFOPLIST_KEY_UIApplicationSceneManifest_Generation[sdk=iphoneos*]" = YES;
				"INFOPLIST_KEY_UIApplicationSceneManifest_Generation[sdk=iphonesimulator*]" = YES;
				"INFOPLIST_KEY_UIApplicationSupportsIndirectInputEvents[sdk=iphoneos*]" = YES;
				"INFOPLIST_KEY_UIApplicationSupportsIndirectInputEvents[sdk=iphonesimulator*]" = YES;
				"INFOPLIST_KEY_UILaunchScreen_Generation[sdk=iphoneos*]" = YES;
				"INFOPLIST_KEY_UILaunchScreen_Generation[sdk=iphonesimulator*]" = YES;
				"INFOPLIST_KEY_UIStatusBarStyle[sdk=iphoneos*]" = UIStatusBarStyleDefault;
				"INFOPLIST_KEY_UIStatusBarStyle[sdk=iphonesimulator*]" = UIStatusBarStyleDefault;
				INFOPLIST_KEY_UISupportedInterfaceOrientations_iPad = "UIInterfaceOrientationPortrait UIInterfaceOrientationPortraitUpsideDown UIInterfaceOrientationLandscapeLeft UIInterfaceOrientationLandscapeRight";
				INFOPLIST_KEY_UISupportedInterfaceOrientations_iPhone = "UIInterfaceOrientationPortrait UIInterfaceOrientationLandscapeLeft UIInterfaceOrientationLandscapeRight";
				IPHONEOS_DEPLOYMENT_TARGET = 15.0;
				LD_RUNPATH_SEARCH_PATHS = "@executable_path/Frameworks";
				"LD_RUNPATH_SEARCH_PATHS[sdk=macosx*]" = "@executable_path/../Frameworks";
				MACOSX_DEPLOYMENT_TARGET = 13.1;
				MARKETING_VERSION = 1.0;
				PRODUCT_BUNDLE_IDENTIFIER = MK.HapticsExperiments;
				PRODUCT_NAME = "$(TARGET_NAME)";
				SDKROOT = auto;
				SUPPORTED_PLATFORMS = "iphoneos iphonesimulator macosx";
				SWIFT_EMIT_LOC_STRINGS = YES;
				SWIFT_VERSION = 5.0;
				TARGETED_DEVICE_FAMILY = "1,2";
			};
			name = Release;
		};
/* End XCBuildConfiguration section */

/* Begin XCConfigurationList section */
		736F9D5829C075E300E5CED9 /* Build configuration list for PBXProject "HapticsExperiments" */ = {
			isa = XCConfigurationList;
			buildConfigurations = (
				736F9D6A29C075E400E5CED9 /* Debug */,
				736F9D6B29C075E400E5CED9 /* Release */,
			);
			defaultConfigurationIsVisible = 0;
			defaultConfigurationName = Release;
		};
		736F9D6C29C075E400E5CED9 /* Build configuration list for PBXNativeTarget "HapticsExperiments" */ = {
			isa = XCConfigurationList;
			buildConfigurations = (
				736F9D6D29C075E400E5CED9 /* Debug */,
				736F9D6E29C075E400E5CED9 /* Release */,
			);
			defaultConfigurationIsVisible = 0;
			defaultConfigurationName = Release;
		};
/* End XCConfigurationList section */
	};
	rootObject = 736F9D5529C075E300E5CED9 /* Project object */;
}
